
Microsoft Visual Studio Solution File, Format Version 12.00
# Visual Studio Version 17
VisualStudioVersion = 17.14.36327.8 d17.14
MinimumVisualStudioVersion = 10.0.40219.1
Project("{FAE04EC0-301F-11D3-BF4B-00C04F79EFBC}") = "EntityFramework_lesson", "EntityFramework_lesson\EntityFramework_lesson.csproj", "{9926F785-8870-49EA-95DC-E8265D945C44}"
EndProject
Global
	GlobalSection(SolutionConfigurationPlatforms) = preSolution
		Debug|Any CPU = Debug|Any CPU
		Release|Any CPU = Release|Any CPU
	EndGlobalSection
	GlobalSection(ProjectConfigurationPlatforms) = postSolution
		{9926F785-8870-49EA-95DC-E8265D945C44}.Debug|Any CPU.ActiveCfg = Debug|Any CPU
		{9926F785-8870-49EA-95DC-E8265D945C44}.Debug|Any CPU.Build.0 = Debug|Any CPU
		{9926F785-8870-49EA-95DC-E8265D945C44}.Release|Any CPU.ActiveCfg = Release|Any CPU
		{9926F785-8870-49EA-95DC-E8265D945C44}.Release|Any CPU.Build.0 = Release|Any CPU
	EndGlobalSection
	GlobalSection(SolutionProperties) = preSolution
		HideSolutionNode = FALSE
	EndGlobalSection
	GlobalSection(ExtensibilityGlobals) = postSolution
		SolutionGuid = {0DA0BB7F-D5F8-4EA6-9028-B0D1BB3B2CE4}
	EndGlobalSection
EndGlobal
